
Microsoft Visual Studio Solution File, Format Version 12.00
# Visual Studio Version 17
VisualStudioVersion = 17.12.35707.178
MinimumVisualStudioVersion = 10.0.40219.1
Project("{FAE04EC0-301F-11D3-BF4B-00C04F79EFBC}") = "Publisher", "Publisher\Publisher.csproj", "{CDADA09E-3801-45C3-8207-6AE5D9240375}"
EndProject
Project("{2150E333-8FDC-42A3-9474-1A3956D46DE8}") = "BasicApp", "BasicApp", "{8DFD2556-3B84-4D76-9E8C-3B9550F657AD}"
	ProjectSection(SolutionItems) = preProject
		Notlar.txt = Notlar.txt
	EndProjectSection
EndProject
Project("{FAE04EC0-301F-11D3-BF4B-00C04F79EFBC}") = "Subscriber", "Subscriber\Subscriber.csproj", "{16A87D7B-685A-45A1-B476-7B5F8D7D7788}"
EndProject
Project("{2150E333-8FDC-42A3-9474-1A3956D46DE8}") = "FannoutExchange", "FannoutExchange", "{760B704A-6324-4319-833B-CAB1CEDCBDFC}"
EndProject
Project("{FAE04EC0-301F-11D3-BF4B-00C04F79EFBC}") = "FanoutPublisher", "FanoutPublisher\FanoutPublisher.csproj", "{BCF2BC22-F30C-4F04-A7EC-C9F9CEA98526}"
EndProject
Project("{FAE04EC0-301F-11D3-BF4B-00C04F79EFBC}") = "FanoutSubscriber", "FanoutSubscriber\FanoutSubscriber.csproj", "{B7F84F79-6050-4DC9-AD3C-0E6D635F1049}"
EndProject
Project("{2150E333-8FDC-42A3-9474-1A3956D46DE8}") = "DirectExchange", "DirectExchange", "{C2EA45D2-4619-4F64-8D53-8FB9AF38C80E}"
EndProject
Project("{FAE04EC0-301F-11D3-BF4B-00C04F79EFBC}") = "DirectPublisher", "DirectPublisher\DirectPublisher.csproj", "{A23AD500-896B-4A9E-836C-1D27F0FC8B28}"
EndProject
Project("{FAE04EC0-301F-11D3-BF4B-00C04F79EFBC}") = "DirectSubscriber", "DirectSubscriber\DirectSubscriber.csproj", "{3438D2C6-EC22-4C74-9203-43BD89B028B8}"
EndProject
Project("{FAE04EC0-301F-11D3-BF4B-00C04F79EFBC}") = "DirectSubscriber2", "DirectSubscriber2\DirectSubscriber2.csproj", "{444D4660-84AA-4E3E-BD00-B02A351673F7}"
EndProject
Project("{2150E333-8FDC-42A3-9474-1A3956D46DE8}") = "TopicExchange", "TopicExchange", "{85361AA3-E2F9-4695-9AB9-1067AD3AF9AE}"
EndProject
Project("{FAE04EC0-301F-11D3-BF4B-00C04F79EFBC}") = "TopicPublisher", "TopicPublisher\TopicPublisher.csproj", "{9FB9B399-6EFA-46FB-A259-D3A074C81F89}"
EndProject
Project("{FAE04EC0-301F-11D3-BF4B-00C04F79EFBC}") = "TopicSubscriber", "TopicSubscriber\TopicSubscriber.csproj", "{5A6F6EDD-8C9D-40B1-ABE9-BF54E70C21A6}"
EndProject
Project("{FAE04EC0-301F-11D3-BF4B-00C04F79EFBC}") = "TopicSubscriber2", "TopicSubscriber2\TopicSubscriber2.csproj", "{45BE0E53-EEBE-463E-B866-C7E8C2358B9C}"
EndProject
Project("{2150E333-8FDC-42A3-9474-1A3956D46DE8}") = "HeaderExchange", "HeaderExchange", "{3DC1A56E-8544-4242-86CB-6EFE9608099E}"
EndProject
Project("{FAE04EC0-301F-11D3-BF4B-00C04F79EFBC}") = "HeaderPublisher", "HeaderPublisher\HeaderPublisher.csproj", "{95AA42CA-3A6F-4919-B259-4D878AA86C48}"
EndProject
Project("{FAE04EC0-301F-11D3-BF4B-00C04F79EFBC}") = "HeaderSubsriber", "HeaderSubsriber\HeaderSubsriber.csproj", "{CCB85E29-767D-407D-AB3D-4FE44F297F3C}"
EndProject
Project("{FAE04EC0-301F-11D3-BF4B-00C04F79EFBC}") = "HeaderSubscriber2", "HeaderSubscriber2\HeaderSubscriber2.csproj", "{F88D6FED-FFDF-4344-8EB7-0E6F88B78772}"
EndProject
Project("{FAE04EC0-301F-11D3-BF4B-00C04F79EFBC}") = "TopicExchange3", "TopicExchange3\TopicExchange3.csproj", "{78D60B67-3DAA-4E89-84BA-4860662AFA43}"
EndProject
Global
	GlobalSection(SolutionConfigurationPlatforms) = preSolution
		Debug|Any CPU = Debug|Any CPU
		Release|Any CPU = Release|Any CPU
	EndGlobalSection
	GlobalSection(ProjectConfigurationPlatforms) = postSolution
		{CDADA09E-3801-45C3-8207-6AE5D9240375}.Debug|Any CPU.ActiveCfg = Debug|Any CPU
		{CDADA09E-3801-45C3-8207-6AE5D9240375}.Debug|Any CPU.Build.0 = Debug|Any CPU
		{CDADA09E-3801-45C3-8207-6AE5D9240375}.Release|Any CPU.ActiveCfg = Release|Any CPU
		{CDADA09E-3801-45C3-8207-6AE5D9240375}.Release|Any CPU.Build.0 = Release|Any CPU
		{16A87D7B-685A-45A1-B476-7B5F8D7D7788}.Debug|Any CPU.ActiveCfg = Debug|Any CPU
		{16A87D7B-685A-45A1-B476-7B5F8D7D7788}.Debug|Any CPU.Build.0 = Debug|Any CPU
		{16A87D7B-685A-45A1-B476-7B5F8D7D7788}.Release|Any CPU.ActiveCfg = Release|Any CPU
		{16A87D7B-685A-45A1-B476-7B5F8D7D7788}.Release|Any CPU.Build.0 = Release|Any CPU
		{BCF2BC22-F30C-4F04-A7EC-C9F9CEA98526}.Debug|Any CPU.ActiveCfg = Debug|Any CPU
		{BCF2BC22-F30C-4F04-A7EC-C9F9CEA98526}.Debug|Any CPU.Build.0 = Debug|Any CPU
		{BCF2BC22-F30C-4F04-A7EC-C9F9CEA98526}.Release|Any CPU.ActiveCfg = Release|Any CPU
		{BCF2BC22-F30C-4F04-A7EC-C9F9CEA98526}.Release|Any CPU.Build.0 = Release|Any CPU
		{B7F84F79-6050-4DC9-AD3C-0E6D635F1049}.Debug|Any CPU.ActiveCfg = Debug|Any CPU
		{B7F84F79-6050-4DC9-AD3C-0E6D635F1049}.Debug|Any CPU.Build.0 = Debug|Any CPU
		{B7F84F79-6050-4DC9-AD3C-0E6D635F1049}.Release|Any CPU.ActiveCfg = Release|Any CPU
		{B7F84F79-6050-4DC9-AD3C-0E6D635F1049}.Release|Any CPU.Build.0 = Release|Any CPU
		{A23AD500-896B-4A9E-836C-1D27F0FC8B28}.Debug|Any CPU.ActiveCfg = Debug|Any CPU
		{A23AD500-896B-4A9E-836C-1D27F0FC8B28}.Debug|Any CPU.Build.0 = Debug|Any CPU
		{A23AD500-896B-4A9E-836C-1D27F0FC8B28}.Release|Any CPU.ActiveCfg = Release|Any CPU
		{A23AD500-896B-4A9E-836C-1D27F0FC8B28}.Release|Any CPU.Build.0 = Release|Any CPU
		{3438D2C6-EC22-4C74-9203-43BD89B028B8}.Debug|Any CPU.ActiveCfg = Debug|Any CPU
		{3438D2C6-EC22-4C74-9203-43BD89B028B8}.Debug|Any CPU.Build.0 = Debug|Any CPU
		{3438D2C6-EC22-4C74-9203-43BD89B028B8}.Release|Any CPU.ActiveCfg = Release|Any CPU
		{3438D2C6-EC22-4C74-9203-43BD89B028B8}.Release|Any CPU.Build.0 = Release|Any CPU
		{444D4660-84AA-4E3E-BD00-B02A351673F7}.Debug|Any CPU.ActiveCfg = Debug|Any CPU
		{444D4660-84AA-4E3E-BD00-B02A351673F7}.Debug|Any CPU.Build.0 = Debug|Any CPU
		{444D4660-84AA-4E3E-BD00-B02A351673F7}.Release|Any CPU.ActiveCfg = Release|Any CPU
		{444D4660-84AA-4E3E-BD00-B02A351673F7}.Release|Any CPU.Build.0 = Release|Any CPU
		{9FB9B399-6EFA-46FB-A259-D3A074C81F89}.Debug|Any CPU.ActiveCfg = Debug|Any CPU
		{9FB9B399-6EFA-46FB-A259-D3A074C81F89}.Debug|Any CPU.Build.0 = Debug|Any CPU
		{9FB9B399-6EFA-46FB-A259-D3A074C81F89}.Release|Any CPU.ActiveCfg = Release|Any CPU
		{9FB9B399-6EFA-46FB-A259-D3A074C81F89}.Release|Any CPU.Build.0 = Release|Any CPU
		{5A6F6EDD-8C9D-40B1-ABE9-BF54E70C21A6}.Debug|Any CPU.ActiveCfg = Debug|Any CPU
		{5A6F6EDD-8C9D-40B1-ABE9-BF54E70C21A6}.Debug|Any CPU.Build.0 = Debug|Any CPU
		{5A6F6EDD-8C9D-40B1-ABE9-BF54E70C21A6}.Release|Any CPU.ActiveCfg = Release|Any CPU
		{5A6F6EDD-8C9D-40B1-ABE9-BF54E70C21A6}.Release|Any CPU.Build.0 = Release|Any CPU
		{45BE0E53-EEBE-463E-B866-C7E8C2358B9C}.Debug|Any CPU.ActiveCfg = Debug|Any CPU
		{45BE0E53-EEBE-463E-B866-C7E8C2358B9C}.Debug|Any CPU.Build.0 = Debug|Any CPU
		{45BE0E53-EEBE-463E-B866-C7E8C2358B9C}.Release|Any CPU.ActiveCfg = Release|Any CPU
		{45BE0E53-EEBE-463E-B866-C7E8C2358B9C}.Release|Any CPU.Build.0 = Release|Any CPU
		{95AA42CA-3A6F-4919-B259-4D878AA86C48}.Debug|Any CPU.ActiveCfg = Debug|Any CPU
		{95AA42CA-3A6F-4919-B259-4D878AA86C48}.Debug|Any CPU.Build.0 = Debug|Any CPU
		{95AA42CA-3A6F-4919-B259-4D878AA86C48}.Release|Any CPU.ActiveCfg = Release|Any CPU
		{95AA42CA-3A6F-4919-B259-4D878AA86C48}.Release|Any CPU.Build.0 = Release|Any CPU
		{CCB85E29-767D-407D-AB3D-4FE44F297F3C}.Debug|Any CPU.ActiveCfg = Debug|Any CPU
		{CCB85E29-767D-407D-AB3D-4FE44F297F3C}.Debug|Any CPU.Build.0 = Debug|Any CPU
		{CCB85E29-767D-407D-AB3D-4FE44F297F3C}.Release|Any CPU.ActiveCfg = Release|Any CPU
		{CCB85E29-767D-407D-AB3D-4FE44F297F3C}.Release|Any CPU.Build.0 = Release|Any CPU
		{F88D6FED-FFDF-4344-8EB7-0E6F88B78772}.Debug|Any CPU.ActiveCfg = Debug|Any CPU
		{F88D6FED-FFDF-4344-8EB7-0E6F88B78772}.Debug|Any CPU.Build.0 = Debug|Any CPU
		{F88D6FED-FFDF-4344-8EB7-0E6F88B78772}.Release|Any CPU.ActiveCfg = Release|Any CPU
		{F88D6FED-FFDF-4344-8EB7-0E6F88B78772}.Release|Any CPU.Build.0 = Release|Any CPU
		{78D60B67-3DAA-4E89-84BA-4860662AFA43}.Debug|Any CPU.ActiveCfg = Debug|Any CPU
		{78D60B67-3DAA-4E89-84BA-4860662AFA43}.Debug|Any CPU.Build.0 = Debug|Any CPU
		{78D60B67-3DAA-4E89-84BA-4860662AFA43}.Release|Any CPU.ActiveCfg = Release|Any CPU
		{78D60B67-3DAA-4E89-84BA-4860662AFA43}.Release|Any CPU.Build.0 = Release|Any CPU
	EndGlobalSection
	GlobalSection(SolutionProperties) = preSolution
		HideSolutionNode = FALSE
	EndGlobalSection
	GlobalSection(NestedProjects) = preSolution
		{CDADA09E-3801-45C3-8207-6AE5D9240375} = {8DFD2556-3B84-4D76-9E8C-3B9550F657AD}
		{16A87D7B-685A-45A1-B476-7B5F8D7D7788} = {8DFD2556-3B84-4D76-9E8C-3B9550F657AD}
		{BCF2BC22-F30C-4F04-A7EC-C9F9CEA98526} = {760B704A-6324-4319-833B-CAB1CEDCBDFC}
		{B7F84F79-6050-4DC9-AD3C-0E6D635F1049} = {760B704A-6324-4319-833B-CAB1CEDCBDFC}
		{A23AD500-896B-4A9E-836C-1D27F0FC8B28} = {C2EA45D2-4619-4F64-8D53-8FB9AF38C80E}
		{3438D2C6-EC22-4C74-9203-43BD89B028B8} = {C2EA45D2-4619-4F64-8D53-8FB9AF38C80E}
		{444D4660-84AA-4E3E-BD00-B02A351673F7} = {C2EA45D2-4619-4F64-8D53-8FB9AF38C80E}
		{9FB9B399-6EFA-46FB-A259-D3A074C81F89} = {85361AA3-E2F9-4695-9AB9-1067AD3AF9AE}
		{5A6F6EDD-8C9D-40B1-ABE9-BF54E70C21A6} = {85361AA3-E2F9-4695-9AB9-1067AD3AF9AE}
		{45BE0E53-EEBE-463E-B866-C7E8C2358B9C} = {85361AA3-E2F9-4695-9AB9-1067AD3AF9AE}
		{95AA42CA-3A6F-4919-B259-4D878AA86C48} = {3DC1A56E-8544-4242-86CB-6EFE9608099E}
		{CCB85E29-767D-407D-AB3D-4FE44F297F3C} = {3DC1A56E-8544-4242-86CB-6EFE9608099E}
		{F88D6FED-FFDF-4344-8EB7-0E6F88B78772} = {3DC1A56E-8544-4242-86CB-6EFE9608099E}
		{78D60B67-3DAA-4E89-84BA-4860662AFA43} = {85361AA3-E2F9-4695-9AB9-1067AD3AF9AE}
	EndGlobalSection
EndGlobal
